
Microsoft Visual Studio Solution File, Format Version 12.00
# Visual Studio Version 17
VisualStudioVersion = 17.5.002.0
MinimumVisualStudioVersion = 10.0.40219.1
Project("{9A19103F-16F7-4668-BE54-9A1E7A4F7556}") = "Prueba", "Prueba.csproj", "{439E1165-EB27-47C5-BDBD-5FB3754CAD9E}"
EndProject
Global
	GlobalSection(SolutionConfigurationPlatforms) = preSolution
		Debug|Any CPU = Debug|Any CPU
		Release|Any CPU = Release|Any CPU
	EndGlobalSection
	GlobalSection(ProjectConfigurationPlatforms) = postSolution
		{439E1165-EB27-47C5-BDBD-5FB3754CAD9E}.Debug|Any CPU.ActiveCfg = Debug|Any CPU
		{439E1165-EB27-47C5-BDBD-5FB3754CAD9E}.Debug|Any CPU.Build.0 = Debug|Any CPU
		{439E1165-EB27-47C5-BDBD-5FB3754CAD9E}.Release|Any CPU.ActiveCfg = Release|Any CPU
		{439E1165-EB27-47C5-BDBD-5FB3754CAD9E}.Release|Any CPU.Build.0 = Release|Any CPU
	EndGlobalSection
	GlobalSection(SolutionProperties) = preSolution
		HideSolutionNode = FALSE
	EndGlobalSection
	GlobalSection(ExtensibilityGlobals) = postSolution
		SolutionGuid = {BAB65B0C-AE4C-4A2E-9F85-1F45BC17D147}
	EndGlobalSection
EndGlobal
